
Microsoft Visual Studio Solution File, Format Version 12.00
# Visual Studio 15
Project("{FAE04EC0-301F-11D3-BF4B-00C04F79EFBC}") = "Exercise_14", "Exercise_14\Exercise_14.csproj", "{8C0016C5-16D8-45BF-93D7-D36612F0A98E}"
EndProject
Global
	GlobalSection(SolutionConfigurationPlatforms) = preSolution
		Debug|anycpu = Debug|anycpu
		Release|anycpu = Release|anycpu
	EndGlobalSection
	GlobalSection(ProjectConfigurationPlatforms) = postSolution
		{8C0016C5-16D8-45BF-93D7-D36612F0A98E}.Debug|anycpu.ActiveCfg = Debug|anycpu
		{8C0016C5-16D8-45BF-93D7-D36612F0A98E}.Debug|anycpu.Build.0 = Debug|anycpu
		{8C0016C5-16D8-45BF-93D7-D36612F0A98E}.Release|anycpu.ActiveCfg = Release|anycpu
		{8C0016C5-16D8-45BF-93D7-D36612F0A98E}.Release|anycpu.Build.0 = Release|anycpu
	EndGlobalSection
EndGlobal
