
Microsoft Visual Studio Solution File, Format Version 12.00
# Visual Studio 15
Project("{FAE04EC0-301F-11D3-BF4B-00C04F79EFBC}") = "Example_J", "Example_J\Example_J.csproj", "{736626D9-2783-45B7-BC9F-5647E5281744}"
EndProject
Global
	GlobalSection(SolutionConfigurationPlatforms) = preSolution
		Debug|anycpu = Debug|anycpu
		Release|anycpu = Release|anycpu
	EndGlobalSection
	GlobalSection(ProjectConfigurationPlatforms) = postSolution
		{736626D9-2783-45B7-BC9F-5647E5281744}.Debug|anycpu.ActiveCfg = Debug|anycpu
		{736626D9-2783-45B7-BC9F-5647E5281744}.Debug|anycpu.Build.0 = Debug|anycpu
		{736626D9-2783-45B7-BC9F-5647E5281744}.Release|anycpu.ActiveCfg = Release|anycpu
		{736626D9-2783-45B7-BC9F-5647E5281744}.Release|anycpu.Build.0 = Release|anycpu
	EndGlobalSection
EndGlobal
