
Microsoft Visual Studio Solution File, Format Version 12.00
# Visual Studio 15
Project("{FAE04EC0-301F-11D3-BF4B-00C04F79EFBC}") = "Exercise_29", "Exercise_29\Exercise_29.csproj", "{456DA589-AE1E-467D-9FCA-3C9852C5C6CC}"
EndProject
Global
	GlobalSection(SolutionConfigurationPlatforms) = preSolution
		Debug|anycpu = Debug|anycpu
		Release|anycpu = Release|anycpu
	EndGlobalSection
	GlobalSection(ProjectConfigurationPlatforms) = postSolution
		{456DA589-AE1E-467D-9FCA-3C9852C5C6CC}.Debug|anycpu.ActiveCfg = Debug|anycpu
		{456DA589-AE1E-467D-9FCA-3C9852C5C6CC}.Debug|anycpu.Build.0 = Debug|anycpu
		{456DA589-AE1E-467D-9FCA-3C9852C5C6CC}.Release|anycpu.ActiveCfg = Release|anycpu
		{456DA589-AE1E-467D-9FCA-3C9852C5C6CC}.Release|anycpu.Build.0 = Release|anycpu
	EndGlobalSection
EndGlobal
